
Microsoft Visual Studio Solution File, Format Version 12.00
Project("{FAE04EC0-301F-11D3-BF4B-00C04F79EFBC}") = "RestApp.Console", "RestApp.Console\RestApp.Console.csproj", "{882EB253-D830-4901-9E8A-1ED5305E0947}"
EndProject
Project("{FAE04EC0-301F-11D3-BF4B-00C04F79EFBC}") = "RestApp.ThirdPartyRestClient", "RestApp.ThirdPartyRestClient\RestApp.ThirdPartyRestClient.csproj", "{24F10994-79C4-4A80-84E5-F010696B40F8}"
EndProject
Project("{FAE04EC0-301F-11D3-BF4B-00C04F79EFBC}") = "RestApp", "RestApp\RestApp.csproj", "{4F51ADF7-FCC3-4901-88EF-B7B7FBF6AF49}"
EndProject
Project("{FAE04EC0-301F-11D3-BF4B-00C04F79EFBC}") = "RestApp.Test", "RestApp.Test\RestApp.Test.csproj", "{CEBF64C0-D73A-425D-B4A2-27CC003C1C31}"
EndProject
Global
	GlobalSection(SolutionConfigurationPlatforms) = preSolution
		Debug|Any CPU = Debug|Any CPU
		Release|Any CPU = Release|Any CPU
	EndGlobalSection
	GlobalSection(ProjectConfigurationPlatforms) = postSolution
		{882EB253-D830-4901-9E8A-1ED5305E0947}.Debug|Any CPU.ActiveCfg = Debug|Any CPU
		{882EB253-D830-4901-9E8A-1ED5305E0947}.Debug|Any CPU.Build.0 = Debug|Any CPU
		{882EB253-D830-4901-9E8A-1ED5305E0947}.Release|Any CPU.ActiveCfg = Release|Any CPU
		{882EB253-D830-4901-9E8A-1ED5305E0947}.Release|Any CPU.Build.0 = Release|Any CPU
		{24F10994-79C4-4A80-84E5-F010696B40F8}.Debug|Any CPU.ActiveCfg = Debug|Any CPU
		{24F10994-79C4-4A80-84E5-F010696B40F8}.Debug|Any CPU.Build.0 = Debug|Any CPU
		{24F10994-79C4-4A80-84E5-F010696B40F8}.Release|Any CPU.ActiveCfg = Release|Any CPU
		{24F10994-79C4-4A80-84E5-F010696B40F8}.Release|Any CPU.Build.0 = Release|Any CPU
		{4F51ADF7-FCC3-4901-88EF-B7B7FBF6AF49}.Debug|Any CPU.ActiveCfg = Debug|Any CPU
		{4F51ADF7-FCC3-4901-88EF-B7B7FBF6AF49}.Debug|Any CPU.Build.0 = Debug|Any CPU
		{4F51ADF7-FCC3-4901-88EF-B7B7FBF6AF49}.Release|Any CPU.ActiveCfg = Release|Any CPU
		{4F51ADF7-FCC3-4901-88EF-B7B7FBF6AF49}.Release|Any CPU.Build.0 = Release|Any CPU
		{CEBF64C0-D73A-425D-B4A2-27CC003C1C31}.Debug|Any CPU.ActiveCfg = Debug|Any CPU
		{CEBF64C0-D73A-425D-B4A2-27CC003C1C31}.Debug|Any CPU.Build.0 = Debug|Any CPU
		{CEBF64C0-D73A-425D-B4A2-27CC003C1C31}.Release|Any CPU.ActiveCfg = Release|Any CPU
		{CEBF64C0-D73A-425D-B4A2-27CC003C1C31}.Release|Any CPU.Build.0 = Release|Any CPU
	EndGlobalSection
EndGlobal
